
Microsoft Visual Studio Solution File, Format Version 12.00
# Visual Studio Version 16
VisualStudioVersion = 16.0.29102.190
MinimumVisualStudioVersion = 10.0.40219.1
Project("{9A19103F-16F7-4668-BE54-9A1E7A4F7556}") = "EasyLog", ".\source\EasyLog.csproj", "{339AB609-83C7-4985-80F1-E7380FCAFF8F}"
EndProject
Global
	GlobalSection(SolutionConfigurationPlatforms) = preSolution
		Debug|Any CPU = Debug|Any CPU
		Release|Any CPU = Release|Any CPU
	EndGlobalSection
	GlobalSection(ProjectConfigurationPlatforms) = postSolution
		{339AB609-83C7-4985-80F1-E7380FCAFF8F}.Debug|Any CPU.ActiveCfg = Debug|Any CPU
		{339AB609-83C7-4985-80F1-E7380FCAFF8F}.Debug|Any CPU.Build.0 = Debug|Any CPU
		{339AB609-83C7-4985-80F1-E7380FCAFF8F}.Release|Any CPU.ActiveCfg = Release|Any CPU
		{339AB609-83C7-4985-80F1-E7380FCAFF8F}.Release|Any CPU.Build.0 = Release|Any CPU
	EndGlobalSection
	GlobalSection(SolutionProperties) = preSolution
		HideSolutionNode = FALSE
	EndGlobalSection
	GlobalSection(ExtensibilityGlobals) = postSolution
		SolutionGuid = {E1EC892E-A20A-47EF-9FD2-AB6A67B0E082}
	EndGlobalSection
EndGlobal
